
Microsoft Visual Studio Solution File, Format Version 12.00
# Visual Studio Version 17
VisualStudioVersion = 17.4.33213.308
MinimumVisualStudioVersion = 10.0.40219.1
Project("{2150E333-8FDC-42A3-9474-1A3956D46DE8}") = "src", "src", "{8160A7D3-44E6-4E79-8905-577D9EEF1C20}"
EndProject
Project("{2150E333-8FDC-42A3-9474-1A3956D46DE8}") = "Building blocks", "Building blocks", "{5344884B-4E3C-42EA-ACD8-34C96EB21DE1}"
EndProject
Project("{2150E333-8FDC-42A3-9474-1A3956D46DE8}") = "Services", "Services", "{B992D757-A878-4665-B3B1-8F9651C13D2C}"
EndProject
Project("{2150E333-8FDC-42A3-9474-1A3956D46DE8}") = "Web", "Web", "{3902F04B-84FE-41D7-ADA7-BE47AA67B4D9}"
EndProject
Project("{2150E333-8FDC-42A3-9474-1A3956D46DE8}") = "Identidade", "Identidade", "{F78CBA60-EA01-41F9-B6C3-DA6245429DA9}"
EndProject
Project("{FAE04EC0-301F-11D3-BF4B-00C04F79EFBC}") = "NSE.Identidade.API", "src\Services\NSE.Identidade.API\NSE.Identidade.API.csproj", "{E76F6D6A-9E8B-4842-A917-33B7774CF4A6}"
EndProject
Project("{FAE04EC0-301F-11D3-BF4B-00C04F79EFBC}") = "NSE.WebApp.MVC", "src\Web\NSE.WebApp.MVC\NSE.WebApp.MVC.csproj", "{950C5FA5-EC39-41A4-8658-A603A1EE9DEA}"
EndProject
Project("{2150E333-8FDC-42A3-9474-1A3956D46DE8}") = "Core", "Core", "{4BEDDFA3-1198-4016-B618-6AE75F93AC52}"
EndProject
Project("{FAE04EC0-301F-11D3-BF4B-00C04F79EFBC}") = "NSE.Core", "src\Building Blocks\NSE.Core\NSE.Core.csproj", "{751A8664-AC43-45DD-B872-0986896FC4F2}"
EndProject
Project("{2150E333-8FDC-42A3-9474-1A3956D46DE8}") = "Carrinho", "Carrinho", "{7C52B451-1602-4BF0-AF98-A61335113011}"
EndProject
Project("{FAE04EC0-301F-11D3-BF4B-00C04F79EFBC}") = "NSE.Carrinho.API", "src\Services\NSE.Carrinho.API\NSE.Carrinho.API.csproj", "{17CFDDEE-88F3-4004-B94E-80D80281B773}"
EndProject
Project("{2150E333-8FDC-42A3-9474-1A3956D46DE8}") = "Catalogo", "Catalogo", "{FA0749B3-5F18-4486-A301-2BAAB217FAED}"
EndProject
Project("{FAE04EC0-301F-11D3-BF4B-00C04F79EFBC}") = "NSE.Catalogo.API", "src\Services\NSE.Catalogo.API\NSE.Catalogo.API.csproj", "{93461523-798B-4D07-9A8C-55D5E3ACBE01}"
EndProject
Project("{2150E333-8FDC-42A3-9474-1A3956D46DE8}") = "Cliente", "Cliente", "{7604CE13-97C0-414D-A46D-1F3956B2170C}"
EndProject
Project("{FAE04EC0-301F-11D3-BF4B-00C04F79EFBC}") = "NSE.Cliente.API", "src\Services\NSE.Cliente.API\NSE.Cliente.API.csproj", "{66A27A20-6E64-4603-8B4B-947A0794049D}"
EndProject
Project("{2150E333-8FDC-42A3-9474-1A3956D46DE8}") = "Pagamento", "Pagamento", "{88FFA6CD-1BAA-403F-B6FB-F0B5F2ED43ED}"
EndProject
Project("{FAE04EC0-301F-11D3-BF4B-00C04F79EFBC}") = "NSE.Pagamento.API", "src\Services\NSE.Pagamento.API\NSE.Pagamento.API.csproj", "{F22EEBEC-77D6-4B94-99FE-0C0A79CDEEC3}"
EndProject
Project("{2150E333-8FDC-42A3-9474-1A3956D46DE8}") = "Pedido", "Pedido", "{4C1FA522-92D5-4B52-A082-FA9A24D8CF19}"
EndProject
Project("{FAE04EC0-301F-11D3-BF4B-00C04F79EFBC}") = "NSE.Pedido.API", "src\Services\NSE.Pedido.API\NSE.Pedido.API.csproj", "{5B8770F7-7667-4CFA-AA48-DBB059193010}"
EndProject
Global
	GlobalSection(SolutionConfigurationPlatforms) = preSolution
		Debug|Any CPU = Debug|Any CPU
		Release|Any CPU = Release|Any CPU
	EndGlobalSection
	GlobalSection(ProjectConfigurationPlatforms) = postSolution
		{E76F6D6A-9E8B-4842-A917-33B7774CF4A6}.Debug|Any CPU.ActiveCfg = Debug|Any CPU
		{E76F6D6A-9E8B-4842-A917-33B7774CF4A6}.Debug|Any CPU.Build.0 = Debug|Any CPU
		{E76F6D6A-9E8B-4842-A917-33B7774CF4A6}.Release|Any CPU.ActiveCfg = Release|Any CPU
		{E76F6D6A-9E8B-4842-A917-33B7774CF4A6}.Release|Any CPU.Build.0 = Release|Any CPU
		{950C5FA5-EC39-41A4-8658-A603A1EE9DEA}.Debug|Any CPU.ActiveCfg = Debug|Any CPU
		{950C5FA5-EC39-41A4-8658-A603A1EE9DEA}.Debug|Any CPU.Build.0 = Debug|Any CPU
		{950C5FA5-EC39-41A4-8658-A603A1EE9DEA}.Release|Any CPU.ActiveCfg = Release|Any CPU
		{950C5FA5-EC39-41A4-8658-A603A1EE9DEA}.Release|Any CPU.Build.0 = Release|Any CPU
		{751A8664-AC43-45DD-B872-0986896FC4F2}.Debug|Any CPU.ActiveCfg = Debug|Any CPU
		{751A8664-AC43-45DD-B872-0986896FC4F2}.Debug|Any CPU.Build.0 = Debug|Any CPU
		{751A8664-AC43-45DD-B872-0986896FC4F2}.Release|Any CPU.ActiveCfg = Release|Any CPU
		{751A8664-AC43-45DD-B872-0986896FC4F2}.Release|Any CPU.Build.0 = Release|Any CPU
		{17CFDDEE-88F3-4004-B94E-80D80281B773}.Debug|Any CPU.ActiveCfg = Debug|Any CPU
		{17CFDDEE-88F3-4004-B94E-80D80281B773}.Debug|Any CPU.Build.0 = Debug|Any CPU
		{17CFDDEE-88F3-4004-B94E-80D80281B773}.Release|Any CPU.ActiveCfg = Release|Any CPU
		{17CFDDEE-88F3-4004-B94E-80D80281B773}.Release|Any CPU.Build.0 = Release|Any CPU
		{93461523-798B-4D07-9A8C-55D5E3ACBE01}.Debug|Any CPU.ActiveCfg = Debug|Any CPU
		{93461523-798B-4D07-9A8C-55D5E3ACBE01}.Debug|Any CPU.Build.0 = Debug|Any CPU
		{93461523-798B-4D07-9A8C-55D5E3ACBE01}.Release|Any CPU.ActiveCfg = Release|Any CPU
		{93461523-798B-4D07-9A8C-55D5E3ACBE01}.Release|Any CPU.Build.0 = Release|Any CPU
		{66A27A20-6E64-4603-8B4B-947A0794049D}.Debug|Any CPU.ActiveCfg = Debug|Any CPU
		{66A27A20-6E64-4603-8B4B-947A0794049D}.Debug|Any CPU.Build.0 = Debug|Any CPU
		{66A27A20-6E64-4603-8B4B-947A0794049D}.Release|Any CPU.ActiveCfg = Release|Any CPU
		{66A27A20-6E64-4603-8B4B-947A0794049D}.Release|Any CPU.Build.0 = Release|Any CPU
		{F22EEBEC-77D6-4B94-99FE-0C0A79CDEEC3}.Debug|Any CPU.ActiveCfg = Debug|Any CPU
		{F22EEBEC-77D6-4B94-99FE-0C0A79CDEEC3}.Debug|Any CPU.Build.0 = Debug|Any CPU
		{F22EEBEC-77D6-4B94-99FE-0C0A79CDEEC3}.Release|Any CPU.ActiveCfg = Release|Any CPU
		{F22EEBEC-77D6-4B94-99FE-0C0A79CDEEC3}.Release|Any CPU.Build.0 = Release|Any CPU
		{5B8770F7-7667-4CFA-AA48-DBB059193010}.Debug|Any CPU.ActiveCfg = Debug|Any CPU
		{5B8770F7-7667-4CFA-AA48-DBB059193010}.Debug|Any CPU.Build.0 = Debug|Any CPU
		{5B8770F7-7667-4CFA-AA48-DBB059193010}.Release|Any CPU.ActiveCfg = Release|Any CPU
		{5B8770F7-7667-4CFA-AA48-DBB059193010}.Release|Any CPU.Build.0 = Release|Any CPU
	EndGlobalSection
	GlobalSection(SolutionProperties) = preSolution
		HideSolutionNode = FALSE
	EndGlobalSection
	GlobalSection(NestedProjects) = preSolution
		{5344884B-4E3C-42EA-ACD8-34C96EB21DE1} = {8160A7D3-44E6-4E79-8905-577D9EEF1C20}
		{B992D757-A878-4665-B3B1-8F9651C13D2C} = {8160A7D3-44E6-4E79-8905-577D9EEF1C20}
		{3902F04B-84FE-41D7-ADA7-BE47AA67B4D9} = {8160A7D3-44E6-4E79-8905-577D9EEF1C20}
		{F78CBA60-EA01-41F9-B6C3-DA6245429DA9} = {B992D757-A878-4665-B3B1-8F9651C13D2C}
		{E76F6D6A-9E8B-4842-A917-33B7774CF4A6} = {F78CBA60-EA01-41F9-B6C3-DA6245429DA9}
		{950C5FA5-EC39-41A4-8658-A603A1EE9DEA} = {3902F04B-84FE-41D7-ADA7-BE47AA67B4D9}
		{4BEDDFA3-1198-4016-B618-6AE75F93AC52} = {5344884B-4E3C-42EA-ACD8-34C96EB21DE1}
		{751A8664-AC43-45DD-B872-0986896FC4F2} = {4BEDDFA3-1198-4016-B618-6AE75F93AC52}
		{7C52B451-1602-4BF0-AF98-A61335113011} = {B992D757-A878-4665-B3B1-8F9651C13D2C}
		{17CFDDEE-88F3-4004-B94E-80D80281B773} = {7C52B451-1602-4BF0-AF98-A61335113011}
		{FA0749B3-5F18-4486-A301-2BAAB217FAED} = {B992D757-A878-4665-B3B1-8F9651C13D2C}
		{93461523-798B-4D07-9A8C-55D5E3ACBE01} = {FA0749B3-5F18-4486-A301-2BAAB217FAED}
		{7604CE13-97C0-414D-A46D-1F3956B2170C} = {B992D757-A878-4665-B3B1-8F9651C13D2C}
		{66A27A20-6E64-4603-8B4B-947A0794049D} = {7604CE13-97C0-414D-A46D-1F3956B2170C}
		{88FFA6CD-1BAA-403F-B6FB-F0B5F2ED43ED} = {B992D757-A878-4665-B3B1-8F9651C13D2C}
		{F22EEBEC-77D6-4B94-99FE-0C0A79CDEEC3} = {88FFA6CD-1BAA-403F-B6FB-F0B5F2ED43ED}
		{4C1FA522-92D5-4B52-A082-FA9A24D8CF19} = {B992D757-A878-4665-B3B1-8F9651C13D2C}
		{5B8770F7-7667-4CFA-AA48-DBB059193010} = {4C1FA522-92D5-4B52-A082-FA9A24D8CF19}
	EndGlobalSection
	GlobalSection(ExtensibilityGlobals) = postSolution
		SolutionGuid = {4BF4F053-3259-4251-BD8A-5AD3E2E2BD75}
	EndGlobalSection
EndGlobal
